
Microsoft Visual Studio Solution File, Format Version 12.00
# Visual Studio 2012
Project("{FAE04EC0-301F-11D3-BF4B-00C04F79EFBC}") = "Project_My_Revised", "Project_My_Revised\Project_My_Revised.csproj", "{C3F4D94E-35CA-464E-AD8F-2DD0F8BE8640}"
EndProject
Global
	GlobalSection(SolutionConfigurationPlatforms) = preSolution
		Debug|Any CPU = Debug|Any CPU
		Release|Any CPU = Release|Any CPU
	EndGlobalSection
	GlobalSection(ProjectConfigurationPlatforms) = postSolution
		{C3F4D94E-35CA-464E-AD8F-2DD0F8BE8640}.Debug|Any CPU.ActiveCfg = Debug|Any CPU
		{C3F4D94E-35CA-464E-AD8F-2DD0F8BE8640}.Debug|Any CPU.Build.0 = Debug|Any CPU
		{C3F4D94E-35CA-464E-AD8F-2DD0F8BE8640}.Release|Any CPU.ActiveCfg = Release|Any CPU
		{C3F4D94E-35CA-464E-AD8F-2DD0F8BE8640}.Release|Any CPU.Build.0 = Release|Any CPU
	EndGlobalSection
	GlobalSection(SolutionProperties) = preSolution
		HideSolutionNode = FALSE
	EndGlobalSection
EndGlobal
